// !$*UTF8*$!
{
	archiveVersion = 1;
	classes = {
	};
	objectVersion = 55;
	objects = {

/* Begin PBXBuildFile section */
		8B2138742875DA3600BB055C /* MontrealsSightsApp.swift in Sources */ = {isa = PBXBuildFile; fileRef = 8B2138732875DA3600BB055C /* MontrealsSightsApp.swift */; };
		8B2138762875DA3600BB055C /* LaunchView.swift in Sources */ = {isa = PBXBuildFile; fileRef = 8B2138752875DA3600BB055C /* LaunchView.swift */; };
		8B2138782875DA3700BB055C /* Assets.xcassets in Resources */ = {isa = PBXBuildFile; fileRef = 8B2138772875DA3700BB055C /* Assets.xcassets */; };
		8B21387B2875DA3700BB055C /* Preview Assets.xcassets in Resources */ = {isa = PBXBuildFile; fileRef = 8B21387A2875DA3700BB055C /* Preview Assets.xcassets */; };
		8B2138852875DD1500BB055C /* ContentModel.swift in Sources */ = {isa = PBXBuildFile; fileRef = 8B2138842875DD1500BB055C /* ContentModel.swift */; };
		8B80FB65287B229200E083DD /* BusinessRow.swift in Sources */ = {isa = PBXBuildFile; fileRef = 8B80FB64287B229200E083DD /* BusinessRow.swift */; };
		8B80FB68287B323200E083DD /* BusinessDetail.swift in Sources */ = {isa = PBXBuildFile; fileRef = 8B80FB67287B323200E083DD /* BusinessDetail.swift */; };
		8B872394287B712C00DF12F1 /* BusinessMap.swift in Sources */ = {isa = PBXBuildFile; fileRef = 8B872393287B712C00DF12F1 /* BusinessMap.swift */; };
		8BA133D52879049200C44B12 /* BusinessSearch.swift in Sources */ = {isa = PBXBuildFile; fileRef = 8BA133D42879049200C44B12 /* BusinessSearch.swift */; };
		8BA133D8287907D600C44B12 /* Constants.swift in Sources */ = {isa = PBXBuildFile; fileRef = 8BA133D7287907D600C44B12 /* Constants.swift */; };
		8BA133DD287A594F00C44B12 /* HomeView.swift in Sources */ = {isa = PBXBuildFile; fileRef = 8BA133DC287A594F00C44B12 /* HomeView.swift */; };
		8BA133E0287A5C4000C44B12 /* BusinessList.swift in Sources */ = {isa = PBXBuildFile; fileRef = 8BA133DF287A5C4000C44B12 /* BusinessList.swift */; };
		8BA133E2287A5E9000C44B12 /* BusinessSectionHeader.swift in Sources */ = {isa = PBXBuildFile; fileRef = 8BA133E1287A5E8F00C44B12 /* BusinessSectionHeader.swift */; };
		8BA133E4287A5F3300C44B12 /* BusinessSection.swift in Sources */ = {isa = PBXBuildFile; fileRef = 8BA133E3287A5F3300C44B12 /* BusinessSection.swift */; };
		8BC572372878E4FE00C0E8D4 /* Business.swift in Sources */ = {isa = PBXBuildFile; fileRef = 8BC572362878E4FE00C0E8D4 /* Business.swift */; };
/* End PBXBuildFile section */

/* Begin PBXFileReference section */
		8B2138702875DA3600BB055C /* Montreal's Sights.app */ = {isa = PBXFileReference; explicitFileType = wrapper.application; includeInIndex = 0; path = "Montreal's Sights.app"; sourceTree = BUILT_PRODUCTS_DIR; };
		8B2138732875DA3600BB055C /* MontrealsSightsApp.swift */ = {isa = PBXFileReference; lastKnownFileType = sourcecode.swift; path = MontrealsSightsApp.swift; sourceTree = "<group>"; };
		8B2138752875DA3600BB055C /* LaunchView.swift */ = {isa = PBXFileReference; lastKnownFileType = sourcecode.swift; path = LaunchView.swift; sourceTree = "<group>"; };
		8B2138772875DA3700BB055C /* Assets.xcassets */ = {isa = PBXFileReference; lastKnownFileType = folder.assetcatalog; path = Assets.xcassets; sourceTree = "<group>"; };
		8B21387A2875DA3700BB055C /* Preview Assets.xcassets */ = {isa = PBXFileReference; lastKnownFileType = folder.assetcatalog; path = "Preview Assets.xcassets"; sourceTree = "<group>"; };
		8B2138842875DD1500BB055C /* ContentModel.swift */ = {isa = PBXFileReference; lastKnownFileType = sourcecode.swift; path = ContentModel.swift; sourceTree = "<group>"; };
		8B80FB64287B229200E083DD /* BusinessRow.swift */ = {isa = PBXFileReference; lastKnownFileType = sourcecode.swift; path = BusinessRow.swift; sourceTree = "<group>"; };
		8B80FB67287B323200E083DD /* BusinessDetail.swift */ = {isa = PBXFileReference; lastKnownFileType = sourcecode.swift; path = BusinessDetail.swift; sourceTree = "<group>"; };
		8B872393287B712C00DF12F1 /* BusinessMap.swift */ = {isa = PBXFileReference; lastKnownFileType = sourcecode.swift; path = BusinessMap.swift; sourceTree = "<group>"; };
		8BA133D42879049200C44B12 /* BusinessSearch.swift */ = {isa = PBXFileReference; lastKnownFileType = sourcecode.swift; path = BusinessSearch.swift; sourceTree = "<group>"; };
		8BA133D7287907D600C44B12 /* Constants.swift */ = {isa = PBXFileReference; lastKnownFileType = sourcecode.swift; path = Constants.swift; sourceTree = "<group>"; };
		8BA133DC287A594F00C44B12 /* HomeView.swift */ = {isa = PBXFileReference; lastKnownFileType = sourcecode.swift; path = HomeView.swift; sourceTree = "<group>"; };
		8BA133DF287A5C4000C44B12 /* BusinessList.swift */ = {isa = PBXFileReference; lastKnownFileType = sourcecode.swift; path = BusinessList.swift; sourceTree = "<group>"; };
		8BA133E1287A5E8F00C44B12 /* BusinessSectionHeader.swift */ = {isa = PBXFileReference; lastKnownFileType = sourcecode.swift; path = BusinessSectionHeader.swift; sourceTree = "<group>"; };
		8BA133E3287A5F3300C44B12 /* BusinessSection.swift */ = {isa = PBXFileReference; lastKnownFileType = sourcecode.swift; path = BusinessSection.swift; sourceTree = "<group>"; };
		8BC572362878E4FE00C0E8D4 /* Business.swift */ = {isa = PBXFileReference; lastKnownFileType = sourcecode.swift; path = Business.swift; sourceTree = "<group>"; };
/* End PBXFileReference section */

/* Begin PBXFrameworksBuildPhase section */
		8B21386D2875DA3600BB055C /* Frameworks */ = {
			isa = PBXFrameworksBuildPhase;
			buildActionMask = 2147483647;
			files = (
			);
			runOnlyForDeploymentPostprocessing = 0;
		};
/* End PBXFrameworksBuildPhase section */

/* Begin PBXGroup section */
		8B2138672875DA3600BB055C = {
			isa = PBXGroup;
			children = (
				8B2138722875DA3600BB055C /* Montreal's Sights */,
				8B2138712875DA3600BB055C /* Products */,
			);
			sourceTree = "<group>";
		};
		8B2138712875DA3600BB055C /* Products */ = {
			isa = PBXGroup;
			children = (
				8B2138702875DA3600BB055C /* Montreal's Sights.app */,
			);
			name = Products;
			sourceTree = "<group>";
		};
		8B2138722875DA3600BB055C /* Montreal's Sights */ = {
			isa = PBXGroup;
			children = (
				8B2138732875DA3600BB055C /* MontrealsSightsApp.swift */,
				8B2138832875DAB400BB055C /* Views */,
				8B2138822875DAAD00BB055C /* ViewModels */,
				8B2138812875DAA300BB055C /* Models */,
				8BA133D6287907BE00C44B12 /* Helpers */,
				8B2138772875DA3700BB055C /* Assets.xcassets */,
				8B2138792875DA3700BB055C /* Preview Content */,
			);
			path = "Montreal's Sights";
			sourceTree = "<group>";
		};
		8B2138792875DA3700BB055C /* Preview Content */ = {
			isa = PBXGroup;
			children = (
				8B21387A2875DA3700BB055C /* Preview Assets.xcassets */,
			);
			path = "Preview Content";
			sourceTree = "<group>";
		};
		8B2138812875DAA300BB055C /* Models */ = {
			isa = PBXGroup;
			children = (
				8BC572362878E4FE00C0E8D4 /* Business.swift */,
				8BA133D42879049200C44B12 /* BusinessSearch.swift */,
			);
			path = Models;
			sourceTree = "<group>";
		};
		8B2138822875DAAD00BB055C /* ViewModels */ = {
			isa = PBXGroup;
			children = (
				8B2138842875DD1500BB055C /* ContentModel.swift */,
			);
			path = ViewModels;
			sourceTree = "<group>";
		};
		8B2138832875DAB400BB055C /* Views */ = {
			isa = PBXGroup;
			children = (
				8B2138752875DA3600BB055C /* LaunchView.swift */,
				8BA133DB287A594100C44B12 /* Home */,
				8BA133DA287A593C00C44B12 /* Denied */,
				8BA133D9287A593500C44B12 /* Onboarding */,
			);
			path = Views;
			sourceTree = "<group>";
		};
		8B80FB66287B322400E083DD /* Detail */ = {
			isa = PBXGroup;
			children = (
				8B80FB67287B323200E083DD /* BusinessDetail.swift */,
			);
			path = Detail;
			sourceTree = "<group>";
		};
		8B872392287B711200DF12F1 /* Map */ = {
			isa = PBXGroup;
			children = (
				8B872393287B712C00DF12F1 /* BusinessMap.swift */,
			);
			path = Map;
			sourceTree = "<group>";
		};
		8BA133D6287907BE00C44B12 /* Helpers */ = {
			isa = PBXGroup;
			children = (
				8BA133D7287907D600C44B12 /* Constants.swift */,
			);
			path = Helpers;
			sourceTree = "<group>";
		};
		8BA133D9287A593500C44B12 /* Onboarding */ = {
			isa = PBXGroup;
			children = (
			);
			path = Onboarding;
			sourceTree = "<group>";
		};
		8BA133DA287A593C00C44B12 /* Denied */ = {
			isa = PBXGroup;
			children = (
			);
			path = Denied;
			sourceTree = "<group>";
		};
		8BA133DB287A594100C44B12 /* Home */ = {
			isa = PBXGroup;
			children = (
				8BA133DC287A594F00C44B12 /* HomeView.swift */,
				8B80FB66287B322400E083DD /* Detail */,
				8B872392287B711200DF12F1 /* Map */,
				8BA133DE287A5C3400C44B12 /* List */,
			);
			path = Home;
			sourceTree = "<group>";
		};
		8BA133DE287A5C3400C44B12 /* List */ = {
			isa = PBXGroup;
			children = (
				8BA133DF287A5C4000C44B12 /* BusinessList.swift */,
				8BA133E1287A5E8F00C44B12 /* BusinessSectionHeader.swift */,
				8BA133E3287A5F3300C44B12 /* BusinessSection.swift */,
				8B80FB64287B229200E083DD /* BusinessRow.swift */,
			);
			path = List;
			sourceTree = "<group>";
		};
/* End PBXGroup section */

/* Begin PBXNativeTarget section */
		8B21386F2875DA3600BB055C /* Montreal's Sights */ = {
			isa = PBXNativeTarget;
			buildConfigurationList = 8B21387E2875DA3700BB055C /* Build configuration list for PBXNativeTarget "Montreal's Sights" */;
			buildPhases = (
				8B21386C2875DA3600BB055C /* Sources */,
				8B21386D2875DA3600BB055C /* Frameworks */,
				8B21386E2875DA3600BB055C /* Resources */,
			);
			buildRules = (
			);
			dependencies = (
			);
			name = "Montreal's Sights";
			productName = "Montreal's Sights";
			productReference = 8B2138702875DA3600BB055C /* Montreal's Sights.app */;
			productType = "com.apple.product-type.application";
		};
/* End PBXNativeTarget section */

/* Begin PBXProject section */
		8B2138682875DA3600BB055C /* Project object */ = {
			isa = PBXProject;
			attributes = {
				BuildIndependentTargetsInParallel = 1;
				LastSwiftUpdateCheck = 1340;
				LastUpgradeCheck = 1340;
				TargetAttributes = {
					8B21386F2875DA3600BB055C = {
						CreatedOnToolsVersion = 13.4.1;
					};
				};
			};
			buildConfigurationList = 8B21386B2875DA3600BB055C /* Build configuration list for PBXProject "Montreal's Sights" */;
			compatibilityVersion = "Xcode 13.0";
			developmentRegion = en;
			hasScannedForEncodings = 0;
			knownRegions = (
				en,
				Base,
			);
			mainGroup = 8B2138672875DA3600BB055C;
			productRefGroup = 8B2138712875DA3600BB055C /* Products */;
			projectDirPath = "";
			projectRoot = "";
			targets = (
				8B21386F2875DA3600BB055C /* Montreal's Sights */,
			);
		};
/* End PBXProject section */

/* Begin PBXResourcesBuildPhase section */
		8B21386E2875DA3600BB055C /* Resources */ = {
			isa = PBXResourcesBuildPhase;
			buildActionMask = 2147483647;
			files = (
				8B21387B2875DA3700BB055C /* Preview Assets.xcassets in Resources */,
				8B2138782875DA3700BB055C /* Assets.xcassets in Resources */,
			);
			runOnlyForDeploymentPostprocessing = 0;
		};
/* End PBXResourcesBuildPhase section */

/* Begin PBXSourcesBuildPhase section */
		8B21386C2875DA3600BB055C /* Sources */ = {
			isa = PBXSourcesBuildPhase;
			buildActionMask = 2147483647;
			files = (
				8B2138762875DA3600BB055C /* LaunchView.swift in Sources */,
				8B80FB65287B229200E083DD /* BusinessRow.swift in Sources */,
				8BA133DD287A594F00C44B12 /* HomeView.swift in Sources */,
				8BC572372878E4FE00C0E8D4 /* Business.swift in Sources */,
				8BA133E2287A5E9000C44B12 /* BusinessSectionHeader.swift in Sources */,
				8B2138742875DA3600BB055C /* MontrealsSightsApp.swift in Sources */,
				8B80FB68287B323200E083DD /* BusinessDetail.swift in Sources */,
				8BA133D52879049200C44B12 /* BusinessSearch.swift in Sources */,
				8BA133E0287A5C4000C44B12 /* BusinessList.swift in Sources */,
				8B872394287B712C00DF12F1 /* BusinessMap.swift in Sources */,
				8BA133E4287A5F3300C44B12 /* BusinessSection.swift in Sources */,
				8B2138852875DD1500BB055C /* ContentModel.swift in Sources */,
				8BA133D8287907D600C44B12 /* Constants.swift in Sources */,
			);
			runOnlyForDeploymentPostprocessing = 0;
		};
/* End PBXSourcesBuildPhase section */

/* Begin XCBuildConfiguration section */
		8B21387C2875DA3700BB055C /* Debug */ = {
			isa = XCBuildConfiguration;
			buildSettings = {
				ALWAYS_SEARCH_USER_PATHS = NO;
				CLANG_ANALYZER_NONNULL = YES;
				CLANG_ANALYZER_NUMBER_OBJECT_CONVERSION = YES_AGGRESSIVE;
				CLANG_CXX_LANGUAGE_STANDARD = "gnu++17";
				CLANG_ENABLE_MODULES = YES;
				CLANG_ENABLE_OBJC_ARC = YES;
				CLANG_ENABLE_OBJC_WEAK = YES;
				CLANG_WARN_BLOCK_CAPTURE_AUTORELEASING = YES;
				CLANG_WARN_BOOL_CONVERSION = YES;
				CLANG_WARN_COMMA = YES;
				CLANG_WARN_CONSTANT_CONVERSION = YES;
				CLANG_WARN_DEPRECATED_OBJC_IMPLEMENTATIONS = YES;
				CLANG_WARN_DIRECT_OBJC_ISA_USAGE = YES_ERROR;
				CLANG_WARN_DOCUMENTATION_COMMENTS = YES;
				CLANG_WARN_EMPTY_BODY = YES;
				CLANG_WARN_ENUM_CONVERSION = YES;
				CLANG_WARN_INFINITE_RECURSION = YES;
				CLANG_WARN_INT_CONVERSION = YES;
				CLANG_WARN_NON_LITERAL_NULL_CONVERSION = YES;
				CLANG_WARN_OBJC_IMPLICIT_RETAIN_SELF = YES;
				CLANG_WARN_OBJC_LITERAL_CONVERSION = YES;
				CLANG_WARN_OBJC_ROOT_CLASS = YES_ERROR;
				CLANG_WARN_QUOTED_INCLUDE_IN_FRAMEWORK_HEADER = YES;
				CLANG_WARN_RANGE_LOOP_ANALYSIS = YES;
				CLANG_WARN_STRICT_PROTOTYPES = YES;
				CLANG_WARN_SUSPICIOUS_MOVE = YES;
				CLANG_WARN_UNGUARDED_AVAILABILITY = YES_AGGRESSIVE;
				CLANG_WARN_UNREACHABLE_CODE = YES;
				CLANG_WARN__DUPLICATE_METHOD_MATCH = YES;
				COPY_PHASE_STRIP = NO;
				DEBUG_INFORMATION_FORMAT = dwarf;
				ENABLE_STRICT_OBJC_MSGSEND = YES;
				ENABLE_TESTABILITY = YES;
				GCC_C_LANGUAGE_STANDARD = gnu11;
				GCC_DYNAMIC_NO_PIC = NO;
				GCC_NO_COMMON_BLOCKS = YES;
				GCC_OPTIMIZATION_LEVEL = 0;
				GCC_PREPROCESSOR_DEFINITIONS = (
					"DEBUG=1",
					"$(inherited)",
				);
				GCC_WARN_64_TO_32_BIT_CONVERSION = YES;
				GCC_WARN_ABOUT_RETURN_TYPE = YES_ERROR;
				GCC_WARN_UNDECLARED_SELECTOR = YES;
				GCC_WARN_UNINITIALIZED_AUTOS = YES_AGGRESSIVE;
				GCC_WARN_UNUSED_FUNCTION = YES;
				GCC_WARN_UNUSED_VARIABLE = YES;
				IPHONEOS_DEPLOYMENT_TARGET = 15.5;
				MTL_ENABLE_DEBUG_INFO = INCLUDE_SOURCE;
				MTL_FAST_MATH = YES;
				ONLY_ACTIVE_ARCH = YES;
				SDKROOT = iphoneos;
				SWIFT_ACTIVE_COMPILATION_CONDITIONS = DEBUG;
				SWIFT_OPTIMIZATION_LEVEL = "-Onone";
			};
			name = Debug;
		};
		8B21387D2875DA3700BB055C /* Release */ = {
			isa = XCBuildConfiguration;
			buildSettings = {
				ALWAYS_SEARCH_USER_PATHS = NO;
				CLANG_ANALYZER_NONNULL = YES;
				CLANG_ANALYZER_NUMBER_OBJECT_CONVERSION = YES_AGGRESSIVE;
				CLANG_CXX_LANGUAGE_STANDARD = "gnu++17";
				CLANG_ENABLE_MODULES = YES;
				CLANG_ENABLE_OBJC_ARC = YES;
				CLANG_ENABLE_OBJC_WEAK = YES;
				CLANG_WARN_BLOCK_CAPTURE_AUTORELEASING = YES;
				CLANG_WARN_BOOL_CONVERSION = YES;
				CLANG_WARN_COMMA = YES;
				CLANG_WARN_CONSTANT_CONVERSION = YES;
				CLANG_WARN_DEPRECATED_OBJC_IMPLEMENTATIONS = YES;
				CLANG_WARN_DIRECT_OBJC_ISA_USAGE = YES_ERROR;
				CLANG_WARN_DOCUMENTATION_COMMENTS = YES;
				CLANG_WARN_EMPTY_BODY = YES;
				CLANG_WARN_ENUM_CONVERSION = YES;
				CLANG_WARN_INFINITE_RECURSION = YES;
				CLANG_WARN_INT_CONVERSION = YES;
				CLANG_WARN_NON_LITERAL_NULL_CONVERSION = YES;
				CLANG_WARN_OBJC_IMPLICIT_RETAIN_SELF = YES;
				CLANG_WARN_OBJC_LITERAL_CONVERSION = YES;
				CLANG_WARN_OBJC_ROOT_CLASS = YES_ERROR;
				CLANG_WARN_QUOTED_INCLUDE_IN_FRAMEWORK_HEADER = YES;
				CLANG_WARN_RANGE_LOOP_ANALYSIS = YES;
				CLANG_WARN_STRICT_PROTOTYPES = YES;
				CLANG_WARN_SUSPICIOUS_MOVE = YES;
				CLANG_WARN_UNGUARDED_AVAILABILITY = YES_AGGRESSIVE;
				CLANG_WARN_UNREACHABLE_CODE = YES;
				CLANG_WARN__DUPLICATE_METHOD_MATCH = YES;
				COPY_PHASE_STRIP = NO;
				DEBUG_INFORMATION_FORMAT = "dwarf-with-dsym";
				ENABLE_NS_ASSERTIONS = NO;
				ENABLE_STRICT_OBJC_MSGSEND = YES;
				GCC_C_LANGUAGE_STANDARD = gnu11;
				GCC_NO_COMMON_BLOCKS = YES;
				GCC_WARN_64_TO_32_BIT_CONVERSION = YES;
				GCC_WARN_ABOUT_RETURN_TYPE = YES_ERROR;
				GCC_WARN_UNDECLARED_SELECTOR = YES;
				GCC_WARN_UNINITIALIZED_AUTOS = YES_AGGRESSIVE;
				GCC_WARN_UNUSED_FUNCTION = YES;
				GCC_WARN_UNUSED_VARIABLE = YES;
				IPHONEOS_DEPLOYMENT_TARGET = 15.5;
				MTL_ENABLE_DEBUG_INFO = NO;
				MTL_FAST_MATH = YES;
				SDKROOT = iphoneos;
				SWIFT_COMPILATION_MODE = wholemodule;
				SWIFT_OPTIMIZATION_LEVEL = "-O";
				VALIDATE_PRODUCT = YES;
			};
			name = Release;
		};
		8B21387F2875DA3700BB055C /* Debug */ = {
			isa = XCBuildConfiguration;
			buildSettings = {
				ASSETCATALOG_COMPILER_APPICON_NAME = AppIcon;
				ASSETCATALOG_COMPILER_GLOBAL_ACCENT_COLOR_NAME = AccentColor;
				CODE_SIGN_STYLE = Automatic;
				CURRENT_PROJECT_VERSION = 1;
				DEVELOPMENT_ASSET_PATHS = "\"Montreal's Sights/Preview Content\"";
				DEVELOPMENT_TEAM = 56W5CBC8F4;
				ENABLE_PREVIEWS = YES;
				GENERATE_INFOPLIST_FILE = YES;
				INFOPLIST_KEY_NSLocationWhenInUseUsageDescription = "Grant permission to find restauraunts";
				INFOPLIST_KEY_UIApplicationSceneManifest_Generation = YES;
				INFOPLIST_KEY_UIApplicationSupportsIndirectInputEvents = YES;
				INFOPLIST_KEY_UILaunchScreen_Generation = YES;
				INFOPLIST_KEY_UISupportedInterfaceOrientations_iPad = "UIInterfaceOrientationPortrait UIInterfaceOrientationPortraitUpsideDown UIInterfaceOrientationLandscapeLeft UIInterfaceOrientationLandscapeRight";
				INFOPLIST_KEY_UISupportedInterfaceOrientations_iPhone = "UIInterfaceOrientationPortrait UIInterfaceOrientationLandscapeLeft UIInterfaceOrientationLandscapeRight";
				LD_RUNPATH_SEARCH_PATHS = (
					"$(inherited)",
					"@executable_path/Frameworks",
				);
				MARKETING_VERSION = 1.0;
				PRODUCT_BUNDLE_IDENTIFIER = "com.solounity.Montreal-s-Sights";
				PRODUCT_NAME = "$(TARGET_NAME)";
				SWIFT_EMIT_LOC_STRINGS = YES;
				SWIFT_VERSION = 5.0;
				TARGETED_DEVICE_FAMILY = "1,2";
			};
			name = Debug;
		};
		8B2138802875DA3700BB055C /* Release */ = {
			isa = XCBuildConfiguration;
			buildSettings = {
				ASSETCATALOG_COMPILER_APPICON_NAME = AppIcon;
				ASSETCATALOG_COMPILER_GLOBAL_ACCENT_COLOR_NAME = AccentColor;
				CODE_SIGN_STYLE = Automatic;
				CURRENT_PROJECT_VERSION = 1;
				DEVELOPMENT_ASSET_PATHS = "\"Montreal's Sights/Preview Content\"";
				DEVELOPMENT_TEAM = 56W5CBC8F4;
				ENABLE_PREVIEWS = YES;
				GENERATE_INFOPLIST_FILE = YES;
				INFOPLIST_KEY_NSLocationWhenInUseUsageDescription = "Grant permission to find restauraunts";
				INFOPLIST_KEY_UIApplicationSceneManifest_Generation = YES;
				INFOPLIST_KEY_UIApplicationSupportsIndirectInputEvents = YES;
				INFOPLIST_KEY_UILaunchScreen_Generation = YES;
				INFOPLIST_KEY_UISupportedInterfaceOrientations_iPad = "UIInterfaceOrientationPortrait UIInterfaceOrientationPortraitUpsideDown UIInterfaceOrientationLandscapeLeft UIInterfaceOrientationLandscapeRight";
				INFOPLIST_KEY_UISupportedInterfaceOrientations_iPhone = "UIInterfaceOrientationPortrait UIInterfaceOrientationLandscapeLeft UIInterfaceOrientationLandscapeRight";
				LD_RUNPATH_SEARCH_PATHS = (
					"$(inherited)",
					"@executable_path/Frameworks",
				);
				MARKETING_VERSION = 1.0;
				PRODUCT_BUNDLE_IDENTIFIER = "com.solounity.Montreal-s-Sights";
				PRODUCT_NAME = "$(TARGET_NAME)";
				SWIFT_EMIT_LOC_STRINGS = YES;
				SWIFT_VERSION = 5.0;
				TARGETED_DEVICE_FAMILY = "1,2";
			};
			name = Release;
		};
/* End XCBuildConfiguration section */

/* Begin XCConfigurationList section */
		8B21386B2875DA3600BB055C /* Build configuration list for PBXProject "Montreal's Sights" */ = {
			isa = XCConfigurationList;
			buildConfigurations = (
				8B21387C2875DA3700BB055C /* Debug */,
				8B21387D2875DA3700BB055C /* Release */,
			);
			defaultConfigurationIsVisible = 0;
			defaultConfigurationName = Release;
		};
		8B21387E2875DA3700BB055C /* Build configuration list for PBXNativeTarget "Montreal's Sights" */ = {
			isa = XCConfigurationList;
			buildConfigurations = (
				8B21387F2875DA3700BB055C /* Debug */,
				8B2138802875DA3700BB055C /* Release */,
			);
			defaultConfigurationIsVisible = 0;
			defaultConfigurationName = Release;
		};
/* End XCConfigurationList section */
	};
	rootObject = 8B2138682875DA3600BB055C /* Project object */;
}
